
Microsoft Visual Studio Solution File, Format Version 12.00
# Visual Studio Express 2012 for Web
Project("{FAE04EC0-301F-11D3-BF4B-00C04F79EFBC}") = "OdeToMovies", "OdeToMovies\OdeToMovies.csproj", "{D03FED13-F57B-45BE-BC38-59617CFF9CB4}"
EndProject
Project("{FAE04EC0-301F-11D3-BF4B-00C04F79EFBC}") = "OdeToMovies.Tests", "OdeToMovies.Tests\OdeToMovies.Tests.csproj", "{508DA823-DA74-4E10-9A7C-E8699749684D}"
EndProject
Global
	GlobalSection(SolutionConfigurationPlatforms) = preSolution
		Debug|Any CPU = Debug|Any CPU
		Release|Any CPU = Release|Any CPU
	EndGlobalSection
	GlobalSection(ProjectConfigurationPlatforms) = postSolution
		{D03FED13-F57B-45BE-BC38-59617CFF9CB4}.Debug|Any CPU.ActiveCfg = Debug|Any CPU
		{D03FED13-F57B-45BE-BC38-59617CFF9CB4}.Debug|Any CPU.Build.0 = Debug|Any CPU
		{D03FED13-F57B-45BE-BC38-59617CFF9CB4}.Release|Any CPU.ActiveCfg = Release|Any CPU
		{D03FED13-F57B-45BE-BC38-59617CFF9CB4}.Release|Any CPU.Build.0 = Release|Any CPU
		{508DA823-DA74-4E10-9A7C-E8699749684D}.Debug|Any CPU.ActiveCfg = Debug|Any CPU
		{508DA823-DA74-4E10-9A7C-E8699749684D}.Debug|Any CPU.Build.0 = Debug|Any CPU
		{508DA823-DA74-4E10-9A7C-E8699749684D}.Release|Any CPU.ActiveCfg = Release|Any CPU
		{508DA823-DA74-4E10-9A7C-E8699749684D}.Release|Any CPU.Build.0 = Release|Any CPU
	EndGlobalSection
	GlobalSection(SolutionProperties) = preSolution
		HideSolutionNode = FALSE
	EndGlobalSection
EndGlobal
